
Microsoft Visual Studio Solution File, Format Version 12.00
# Visual Studio Version 17
VisualStudioVersion = 17.8.34525.116
MinimumVisualStudioVersion = 10.0.40219.1
Project("{FAE04EC0-301F-11D3-BF4B-00C04F79EFBC}") = "Utilities.Functions", "Utilities.Functions\Utilities.Functions.csproj", "{555EBF48-6235-464B-A408-A1F706892447}"
EndProject
Global
	GlobalSection(SolutionConfigurationPlatforms) = preSolution
		Debug|Any CPU = Debug|Any CPU
		Release|Any CPU = Release|Any CPU
	EndGlobalSection
	GlobalSection(ProjectConfigurationPlatforms) = postSolution
		{555EBF48-6235-464B-A408-A1F706892447}.Debug|Any CPU.ActiveCfg = Debug|Any CPU
		{555EBF48-6235-464B-A408-A1F706892447}.Debug|Any CPU.Build.0 = Debug|Any CPU
		{555EBF48-6235-464B-A408-A1F706892447}.Release|Any CPU.ActiveCfg = Release|Any CPU
		{555EBF48-6235-464B-A408-A1F706892447}.Release|Any CPU.Build.0 = Release|Any CPU
	EndGlobalSection
	GlobalSection(SolutionProperties) = preSolution
		HideSolutionNode = FALSE
	EndGlobalSection
	GlobalSection(ExtensibilityGlobals) = postSolution
		SolutionGuid = {E86AE1AC-C5C4-465C-851B-287827533035}
	EndGlobalSection
EndGlobal
